
Microsoft Visual Studio Solution File, Format Version 12.00
# Visual Studio Version 17
VisualStudioVersion = 17.1.32421.90
MinimumVisualStudioVersion = 10.0.40219.1
Project("{9A19103F-16F7-4668-BE54-9A1E7A4F7556}") = "ExceptionFilterTest", "NetLayeredTest\ExceptionFilterTest.csproj", "{22D534F1-32F7-4776-9792-F31574949A9C}"
EndProject
Project("{FAE04EC0-301F-11D3-BF4B-00C04F79EFBC}") = "Sql.Data", "Sql.Data\Sql.Data.csproj", "{43739242-4623-47DA-886C-5D4C428335BA}"
EndProject
Project("{FAE04EC0-301F-11D3-BF4B-00C04F79EFBC}") = "redis-test", "redis-test\redis-test.csproj", "{FB77BE77-7142-4A58-8E17-0B2CE1DACE1B}"
EndProject
Project("{FAE04EC0-301F-11D3-BF4B-00C04F79EFBC}") = "自启动过滤筛选器", "自启动过滤筛选器\自启动过滤筛选器.csproj", "{C2DC3247-C1F5-4F94-AC51-57BA4079641A}"
EndProject
Global
	GlobalSection(SolutionConfigurationPlatforms) = preSolution
		Debug|Any CPU = Debug|Any CPU
		Release|Any CPU = Release|Any CPU
	EndGlobalSection
	GlobalSection(ProjectConfigurationPlatforms) = postSolution
		{22D534F1-32F7-4776-9792-F31574949A9C}.Debug|Any CPU.ActiveCfg = Debug|Any CPU
		{22D534F1-32F7-4776-9792-F31574949A9C}.Debug|Any CPU.Build.0 = Debug|Any CPU
		{22D534F1-32F7-4776-9792-F31574949A9C}.Release|Any CPU.ActiveCfg = Release|Any CPU
		{22D534F1-32F7-4776-9792-F31574949A9C}.Release|Any CPU.Build.0 = Release|Any CPU
		{43739242-4623-47DA-886C-5D4C428335BA}.Debug|Any CPU.ActiveCfg = Debug|Any CPU
		{43739242-4623-47DA-886C-5D4C428335BA}.Debug|Any CPU.Build.0 = Debug|Any CPU
		{43739242-4623-47DA-886C-5D4C428335BA}.Release|Any CPU.ActiveCfg = Release|Any CPU
		{43739242-4623-47DA-886C-5D4C428335BA}.Release|Any CPU.Build.0 = Release|Any CPU
		{FB77BE77-7142-4A58-8E17-0B2CE1DACE1B}.Debug|Any CPU.ActiveCfg = Debug|Any CPU
		{FB77BE77-7142-4A58-8E17-0B2CE1DACE1B}.Debug|Any CPU.Build.0 = Debug|Any CPU
		{FB77BE77-7142-4A58-8E17-0B2CE1DACE1B}.Release|Any CPU.ActiveCfg = Release|Any CPU
		{FB77BE77-7142-4A58-8E17-0B2CE1DACE1B}.Release|Any CPU.Build.0 = Release|Any CPU
		{C2DC3247-C1F5-4F94-AC51-57BA4079641A}.Debug|Any CPU.ActiveCfg = Debug|Any CPU
		{C2DC3247-C1F5-4F94-AC51-57BA4079641A}.Debug|Any CPU.Build.0 = Debug|Any CPU
		{C2DC3247-C1F5-4F94-AC51-57BA4079641A}.Release|Any CPU.ActiveCfg = Release|Any CPU
		{C2DC3247-C1F5-4F94-AC51-57BA4079641A}.Release|Any CPU.Build.0 = Release|Any CPU
	EndGlobalSection
	GlobalSection(SolutionProperties) = preSolution
		HideSolutionNode = FALSE
	EndGlobalSection
	GlobalSection(ExtensibilityGlobals) = postSolution
		SolutionGuid = {62F25CEE-E0FC-468A-B246-7A4013AF0D24}
	EndGlobalSection
EndGlobal
